
Microsoft Visual Studio Solution File, Format Version 12.00
# Visual Studio Version 16
VisualStudioVersion = 16.0.29920.165
MinimumVisualStudioVersion = 10.0.40219.1
Project("{FAE04EC0-301F-11D3-BF4B-00C04F79EFBC}") = "TeamVelocitySample", "TeamVelocitySample\TeamVelocitySample.csproj", "{E8005302-DF0E-4321-98F4-8C1B60B65C29}"
EndProject
Project("{FAE04EC0-301F-11D3-BF4B-00C04F79EFBC}") = "TeamVelocitySample.Tests", "TeamVelocitySample.Tests\TeamVelocitySample.Tests.csproj", "{385D458E-7828-4E9F-A842-3B56B5AF7293}"
EndProject
Global
	GlobalSection(SolutionConfigurationPlatforms) = preSolution
		Debug|Any CPU = Debug|Any CPU
		Release|Any CPU = Release|Any CPU
	EndGlobalSection
	GlobalSection(ProjectConfigurationPlatforms) = postSolution
		{E8005302-DF0E-4321-98F4-8C1B60B65C29}.Debug|Any CPU.ActiveCfg = Debug|Any CPU
		{E8005302-DF0E-4321-98F4-8C1B60B65C29}.Debug|Any CPU.Build.0 = Debug|Any CPU
		{E8005302-DF0E-4321-98F4-8C1B60B65C29}.Release|Any CPU.ActiveCfg = Release|Any CPU
		{E8005302-DF0E-4321-98F4-8C1B60B65C29}.Release|Any CPU.Build.0 = Release|Any CPU
		{385D458E-7828-4E9F-A842-3B56B5AF7293}.Debug|Any CPU.ActiveCfg = Debug|Any CPU
		{385D458E-7828-4E9F-A842-3B56B5AF7293}.Debug|Any CPU.Build.0 = Debug|Any CPU
		{385D458E-7828-4E9F-A842-3B56B5AF7293}.Release|Any CPU.ActiveCfg = Release|Any CPU
		{385D458E-7828-4E9F-A842-3B56B5AF7293}.Release|Any CPU.Build.0 = Release|Any CPU
	EndGlobalSection
	GlobalSection(SolutionProperties) = preSolution
		HideSolutionNode = FALSE
	EndGlobalSection
	GlobalSection(ExtensibilityGlobals) = postSolution
		SolutionGuid = {BBC4EB91-9CC2-469C-95DE-22EACD40B500}
	EndGlobalSection
EndGlobal
